
Microsoft Visual Studio Solution File, Format Version 12.00
# Visual Studio Version 16
VisualStudioVersion = 16.0.32630.194
MinimumVisualStudioVersion = 10.0.40219.1
Project("{FAE04EC0-301F-11D3-BF4B-00C04F79EFBC}") = "DmTool", "DmTool.csproj", "{BDCFBF53-EFE7-4B7C-8BC2-B1BBFC32B7DF}"
EndProject
Global
	GlobalSection(SolutionConfigurationPlatforms) = preSolution
		Debug|Any CPU = Debug|Any CPU
		Release|Any CPU = Release|Any CPU
	EndGlobalSection
	GlobalSection(ProjectConfigurationPlatforms) = postSolution
		{BDCFBF53-EFE7-4B7C-8BC2-B1BBFC32B7DF}.Debug|Any CPU.ActiveCfg = Debug|Any CPU
		{BDCFBF53-EFE7-4B7C-8BC2-B1BBFC32B7DF}.Debug|Any CPU.Build.0 = Debug|Any CPU
		{BDCFBF53-EFE7-4B7C-8BC2-B1BBFC32B7DF}.Release|Any CPU.ActiveCfg = Release|Any CPU
		{BDCFBF53-EFE7-4B7C-8BC2-B1BBFC32B7DF}.Release|Any CPU.Build.0 = Release|Any CPU
	EndGlobalSection
	GlobalSection(SolutionProperties) = preSolution
		HideSolutionNode = FALSE
	EndGlobalSection
	GlobalSection(ExtensibilityGlobals) = postSolution
		SolutionGuid = {05C4E5EF-FFA4-4B59-B7F2-C96243F16F34}
	EndGlobalSection
EndGlobal
